
Microsoft Visual Studio Solution File, Format Version 12.00
# Visual Studio Version 17
VisualStudioVersion = 17.9.34723.18
MinimumVisualStudioVersion = 10.0.40219.1
Project("{FAE04EC0-301F-11D3-BF4B-00C04F79EFBC}") = "билет 9 экзамен", "билет 9 экзамен.csproj", "{7F9A9E6B-3474-43A3-8546-4D05B72531D8}"
EndProject
Global
	GlobalSection(SolutionConfigurationPlatforms) = preSolution
		Debug|Any CPU = Debug|Any CPU
		Release|Any CPU = Release|Any CPU
	EndGlobalSection
	GlobalSection(ProjectConfigurationPlatforms) = postSolution
		{7F9A9E6B-3474-43A3-8546-4D05B72531D8}.Debug|Any CPU.ActiveCfg = Debug|Any CPU
		{7F9A9E6B-3474-43A3-8546-4D05B72531D8}.Debug|Any CPU.Build.0 = Debug|Any CPU
		{7F9A9E6B-3474-43A3-8546-4D05B72531D8}.Release|Any CPU.ActiveCfg = Release|Any CPU
		{7F9A9E6B-3474-43A3-8546-4D05B72531D8}.Release|Any CPU.Build.0 = Release|Any CPU
	EndGlobalSection
	GlobalSection(SolutionProperties) = preSolution
		HideSolutionNode = FALSE
	EndGlobalSection
	GlobalSection(ExtensibilityGlobals) = postSolution
		SolutionGuid = {02BB04A8-0F8E-4C25-9118-B3BEF233D129}
	EndGlobalSection
EndGlobal
